// !$*UTF8*$!
{
	archiveVersion = 1;
	classes = {
	};
	objectVersion = 50;
	objects = {

/* Begin PBXBuildFile section */
		5BE74C3524A97E4D003D1352 /* AppDelegate.swift in Sources */ = {isa = PBXBuildFile; fileRef = 5BE74C3424A97E4D003D1352 /* AppDelegate.swift */; };
		5BE74C3724A97E4D003D1352 /* SceneDelegate.swift in Sources */ = {isa = PBXBuildFile; fileRef = 5BE74C3624A97E4D003D1352 /* SceneDelegate.swift */; };
		5BE74C3924A97E4D003D1352 /* ViewController.swift in Sources */ = {isa = PBXBuildFile; fileRef = 5BE74C3824A97E4D003D1352 /* ViewController.swift */; };
		5BE74C3C24A97E4D003D1352 /* Main.storyboard in Resources */ = {isa = PBXBuildFile; fileRef = 5BE74C3A24A97E4D003D1352 /* Main.storyboard */; };
		5BE74C3E24A97E4E003D1352 /* Assets.xcassets in Resources */ = {isa = PBXBuildFile; fileRef = 5BE74C3D24A97E4E003D1352 /* Assets.xcassets */; };
		5BE74C4124A97E4E003D1352 /* LaunchScreen.storyboard in Resources */ = {isa = PBXBuildFile; fileRef = 5BE74C3F24A97E4E003D1352 /* LaunchScreen.storyboard */; };
		5BE74C4C24A97E4F003D1352 /* ios_element_tutorialsTests.swift in Sources */ = {isa = PBXBuildFile; fileRef = 5BE74C4B24A97E4F003D1352 /* ios_element_tutorialsTests.swift */; };
		5BE74C5724A97E4F003D1352 /* ios_element_tutorialsUITests.swift in Sources */ = {isa = PBXBuildFile; fileRef = 5BE74C5624A97E4F003D1352 /* ios_element_tutorialsUITests.swift */; };
/* End PBXBuildFile section */

/* Begin PBXContainerItemProxy section */
		5BE74C4824A97E4F003D1352 /* PBXContainerItemProxy */ = {
			isa = PBXContainerItemProxy;
			containerPortal = 5BE74C2924A97E4D003D1352 /* Project object */;
			proxyType = 1;
			remoteGlobalIDString = 5BE74C3024A97E4D003D1352;
			remoteInfo = "ios-element-tutorials";
		};
		5BE74C5324A97E4F003D1352 /* PBXContainerItemProxy */ = {
			isa = PBXContainerItemProxy;
			containerPortal = 5BE74C2924A97E4D003D1352 /* Project object */;
			proxyType = 1;
			remoteGlobalIDString = 5BE74C3024A97E4D003D1352;
			remoteInfo = "ios-element-tutorials";
		};
/* End PBXContainerItemProxy section */

/* Begin PBXFileReference section */
		5BE74C3124A97E4D003D1352 /* ios-element-tutorials.app */ = {isa = PBXFileReference; explicitFileType = wrapper.application; includeInIndex = 0; path = "ios-element-tutorials.app"; sourceTree = BUILT_PRODUCTS_DIR; };
		5BE74C3424A97E4D003D1352 /* AppDelegate.swift */ = {isa = PBXFileReference; lastKnownFileType = sourcecode.swift; path = AppDelegate.swift; sourceTree = "<group>"; };
		5BE74C3624A97E4D003D1352 /* SceneDelegate.swift */ = {isa = PBXFileReference; lastKnownFileType = sourcecode.swift; path = SceneDelegate.swift; sourceTree = "<group>"; };
		5BE74C3824A97E4D003D1352 /* ViewController.swift */ = {isa = PBXFileReference; lastKnownFileType = sourcecode.swift; path = ViewController.swift; sourceTree = "<group>"; };
		5BE74C3B24A97E4D003D1352 /* Base */ = {isa = PBXFileReference; lastKnownFileType = file.storyboard; name = Base; path = Base.lproj/Main.storyboard; sourceTree = "<group>"; };
		5BE74C3D24A97E4E003D1352 /* Assets.xcassets */ = {isa = PBXFileReference; lastKnownFileType = folder.assetcatalog; path = Assets.xcassets; sourceTree = "<group>"; };
		5BE74C4024A97E4E003D1352 /* Base */ = {isa = PBXFileReference; lastKnownFileType = file.storyboard; name = Base; path = Base.lproj/LaunchScreen.storyboard; sourceTree = "<group>"; };
		5BE74C4224A97E4E003D1352 /* Info.plist */ = {isa = PBXFileReference; lastKnownFileType = text.plist.xml; path = Info.plist; sourceTree = "<group>"; };
		5BE74C4724A97E4F003D1352 /* ios-element-tutorialsTests.xctest */ = {isa = PBXFileReference; explicitFileType = wrapper.cfbundle; includeInIndex = 0; path = "ios-element-tutorialsTests.xctest"; sourceTree = BUILT_PRODUCTS_DIR; };
		5BE74C4B24A97E4F003D1352 /* ios_element_tutorialsTests.swift */ = {isa = PBXFileReference; lastKnownFileType = sourcecode.swift; path = ios_element_tutorialsTests.swift; sourceTree = "<group>"; };
		5BE74C4D24A97E4F003D1352 /* Info.plist */ = {isa = PBXFileReference; lastKnownFileType = text.plist.xml; path = Info.plist; sourceTree = "<group>"; };
		5BE74C5224A97E4F003D1352 /* ios-element-tutorialsUITests.xctest */ = {isa = PBXFileReference; explicitFileType = wrapper.cfbundle; includeInIndex = 0; path = "ios-element-tutorialsUITests.xctest"; sourceTree = BUILT_PRODUCTS_DIR; };
		5BE74C5624A97E4F003D1352 /* ios_element_tutorialsUITests.swift */ = {isa = PBXFileReference; lastKnownFileType = sourcecode.swift; path = ios_element_tutorialsUITests.swift; sourceTree = "<group>"; };
		5BE74C5824A97E4F003D1352 /* Info.plist */ = {isa = PBXFileReference; lastKnownFileType = text.plist.xml; path = Info.plist; sourceTree = "<group>"; };
/* End PBXFileReference section */

/* Begin PBXFrameworksBuildPhase section */
		5BE74C2E24A97E4D003D1352 /* Frameworks */ = {
			isa = PBXFrameworksBuildPhase;
			buildActionMask = 2147483647;
			files = (
			);
			runOnlyForDeploymentPostprocessing = 0;
		};
		5BE74C4424A97E4F003D1352 /* Frameworks */ = {
			isa = PBXFrameworksBuildPhase;
			buildActionMask = 2147483647;
			files = (
			);
			runOnlyForDeploymentPostprocessing = 0;
		};
		5BE74C4F24A97E4F003D1352 /* Frameworks */ = {
			isa = PBXFrameworksBuildPhase;
			buildActionMask = 2147483647;
			files = (
			);
			runOnlyForDeploymentPostprocessing = 0;
		};
/* End PBXFrameworksBuildPhase section */

/* Begin PBXGroup section */
		5BE74C2824A97E4D003D1352 = {
			isa = PBXGroup;
			children = (
				5BE74C3324A97E4D003D1352 /* ios-element-tutorials */,
				5BE74C4A24A97E4F003D1352 /* ios-element-tutorialsTests */,
				5BE74C5524A97E4F003D1352 /* ios-element-tutorialsUITests */,
				5BE74C3224A97E4D003D1352 /* Products */,
			);
			sourceTree = "<group>";
		};
		5BE74C3224A97E4D003D1352 /* Products */ = {
			isa = PBXGroup;
			children = (
				5BE74C3124A97E4D003D1352 /* ios-element-tutorials.app */,
				5BE74C4724A97E4F003D1352 /* ios-element-tutorialsTests.xctest */,
				5BE74C5224A97E4F003D1352 /* ios-element-tutorialsUITests.xctest */,
			);
			name = Products;
			sourceTree = "<group>";
		};
		5BE74C3324A97E4D003D1352 /* ios-element-tutorials */ = {
			isa = PBXGroup;
			children = (
				5BE74C3424A97E4D003D1352 /* AppDelegate.swift */,
				5BE74C3624A97E4D003D1352 /* SceneDelegate.swift */,
				5BE74C3824A97E4D003D1352 /* ViewController.swift */,
				5BE74C3A24A97E4D003D1352 /* Main.storyboard */,
				5BE74C3D24A97E4E003D1352 /* Assets.xcassets */,
				5BE74C3F24A97E4E003D1352 /* LaunchScreen.storyboard */,
				5BE74C4224A97E4E003D1352 /* Info.plist */,
			);
			path = "ios-element-tutorials";
			sourceTree = "<group>";
		};
		5BE74C4A24A97E4F003D1352 /* ios-element-tutorialsTests */ = {
			isa = PBXGroup;
			children = (
				5BE74C4B24A97E4F003D1352 /* ios_element_tutorialsTests.swift */,
				5BE74C4D24A97E4F003D1352 /* Info.plist */,
			);
			path = "ios-element-tutorialsTests";
			sourceTree = "<group>";
		};
		5BE74C5524A97E4F003D1352 /* ios-element-tutorialsUITests */ = {
			isa = PBXGroup;
			children = (
				5BE74C5624A97E4F003D1352 /* ios_element_tutorialsUITests.swift */,
				5BE74C5824A97E4F003D1352 /* Info.plist */,
			);
			path = "ios-element-tutorialsUITests";
			sourceTree = "<group>";
		};
/* End PBXGroup section */

/* Begin PBXNativeTarget section */
		5BE74C3024A97E4D003D1352 /* ios-element-tutorials */ = {
			isa = PBXNativeTarget;
			buildConfigurationList = 5BE74C5B24A97E4F003D1352 /* Build configuration list for PBXNativeTarget "ios-element-tutorials" */;
			buildPhases = (
				5BE74C2D24A97E4D003D1352 /* Sources */,
				5BE74C2E24A97E4D003D1352 /* Frameworks */,
				5BE74C2F24A97E4D003D1352 /* Resources */,
			);
			buildRules = (
			);
			dependencies = (
			);
			name = "ios-element-tutorials";
			productName = "ios-element-tutorials";
			productReference = 5BE74C3124A97E4D003D1352 /* ios-element-tutorials.app */;
			productType = "com.apple.product-type.application";
		};
		5BE74C4624A97E4F003D1352 /* ios-element-tutorialsTests */ = {
			isa = PBXNativeTarget;
			buildConfigurationList = 5BE74C5E24A97E4F003D1352 /* Build configuration list for PBXNativeTarget "ios-element-tutorialsTests" */;
			buildPhases = (
				5BE74C4324A97E4F003D1352 /* Sources */,
				5BE74C4424A97E4F003D1352 /* Frameworks */,
				5BE74C4524A97E4F003D1352 /* Resources */,
			);
			buildRules = (
			);
			dependencies = (
				5BE74C4924A97E4F003D1352 /* PBXTargetDependency */,
			);
			name = "ios-element-tutorialsTests";
			productName = "ios-element-tutorialsTests";
			productReference = 5BE74C4724A97E4F003D1352 /* ios-element-tutorialsTests.xctest */;
			productType = "com.apple.product-type.bundle.unit-test";
		};
		5BE74C5124A97E4F003D1352 /* ios-element-tutorialsUITests */ = {
			isa = PBXNativeTarget;
			buildConfigurationList = 5BE74C6124A97E4F003D1352 /* Build configuration list for PBXNativeTarget "ios-element-tutorialsUITests" */;
			buildPhases = (
				5BE74C4E24A97E4F003D1352 /* Sources */,
				5BE74C4F24A97E4F003D1352 /* Frameworks */,
				5BE74C5024A97E4F003D1352 /* Resources */,
			);
			buildRules = (
			);
			dependencies = (
				5BE74C5424A97E4F003D1352 /* PBXTargetDependency */,
			);
			name = "ios-element-tutorialsUITests";
			productName = "ios-element-tutorialsUITests";
			productReference = 5BE74C5224A97E4F003D1352 /* ios-element-tutorialsUITests.xctest */;
			productType = "com.apple.product-type.bundle.ui-testing";
		};
/* End PBXNativeTarget section */

/* Begin PBXProject section */
		5BE74C2924A97E4D003D1352 /* Project object */ = {
			isa = PBXProject;
			attributes = {
				LastSwiftUpdateCheck = 1150;
				LastUpgradeCheck = 1150;
				ORGANIZATIONNAME = "Sudheendra Ayalasomayajula";
				TargetAttributes = {
					5BE74C3024A97E4D003D1352 = {
						CreatedOnToolsVersion = 11.5;
					};
					5BE74C4624A97E4F003D1352 = {
						CreatedOnToolsVersion = 11.5;
						TestTargetID = 5BE74C3024A97E4D003D1352;
					};
					5BE74C5124A97E4F003D1352 = {
						CreatedOnToolsVersion = 11.5;
						TestTargetID = 5BE74C3024A97E4D003D1352;
					};
				};
			};
			buildConfigurationList = 5BE74C2C24A97E4D003D1352 /* Build configuration list for PBXProject "ios-element-tutorials" */;
			compatibilityVersion = "Xcode 9.3";
			developmentRegion = en;
			hasScannedForEncodings = 0;
			knownRegions = (
				en,
				Base,
			);
			mainGroup = 5BE74C2824A97E4D003D1352;
			productRefGroup = 5BE74C3224A97E4D003D1352 /* Products */;
			projectDirPath = "";
			projectRoot = "";
			targets = (
				5BE74C3024A97E4D003D1352 /* ios-element-tutorials */,
				5BE74C4624A97E4F003D1352 /* ios-element-tutorialsTests */,
				5BE74C5124A97E4F003D1352 /* ios-element-tutorialsUITests */,
			);
		};
/* End PBXProject section */

/* Begin PBXResourcesBuildPhase section */
		5BE74C2F24A97E4D003D1352 /* Resources */ = {
			isa = PBXResourcesBuildPhase;
			buildActionMask = 2147483647;
			files = (
				5BE74C4124A97E4E003D1352 /* LaunchScreen.storyboard in Resources */,
				5BE74C3E24A97E4E003D1352 /* Assets.xcassets in Resources */,
				5BE74C3C24A97E4D003D1352 /* Main.storyboard in Resources */,
			);
			runOnlyForDeploymentPostprocessing = 0;
		};
		5BE74C4524A97E4F003D1352 /* Resources */ = {
			isa = PBXResourcesBuildPhase;
			buildActionMask = 2147483647;
			files = (
			);
			runOnlyForDeploymentPostprocessing = 0;
		};
		5BE74C5024A97E4F003D1352 /* Resources */ = {
			isa = PBXResourcesBuildPhase;
			buildActionMask = 2147483647;
			files = (
			);
			runOnlyForDeploymentPostprocessing = 0;
		};
/* End PBXResourcesBuildPhase section */

/* Begin PBXSourcesBuildPhase section */
		5BE74C2D24A97E4D003D1352 /* Sources */ = {
			isa = PBXSourcesBuildPhase;
			buildActionMask = 2147483647;
			files = (
				5BE74C3924A97E4D003D1352 /* ViewController.swift in Sources */,
				5BE74C3524A97E4D003D1352 /* AppDelegate.swift in Sources */,
				5BE74C3724A97E4D003D1352 /* SceneDelegate.swift in Sources */,
			);
			runOnlyForDeploymentPostprocessing = 0;
		};
		5BE74C4324A97E4F003D1352 /* Sources */ = {
			isa = PBXSourcesBuildPhase;
			buildActionMask = 2147483647;
			files = (
				5BE74C4C24A97E4F003D1352 /* ios_element_tutorialsTests.swift in Sources */,
			);
			runOnlyForDeploymentPostprocessing = 0;
		};
		5BE74C4E24A97E4F003D1352 /* Sources */ = {
			isa = PBXSourcesBuildPhase;
			buildActionMask = 2147483647;
			files = (
				5BE74C5724A97E4F003D1352 /* ios_element_tutorialsUITests.swift in Sources */,
			);
			runOnlyForDeploymentPostprocessing = 0;
		};
/* End PBXSourcesBuildPhase section */

/* Begin PBXTargetDependency section */
		5BE74C4924A97E4F003D1352 /* PBXTargetDependency */ = {
			isa = PBXTargetDependency;
			target = 5BE74C3024A97E4D003D1352 /* ios-element-tutorials */;
			targetProxy = 5BE74C4824A97E4F003D1352 /* PBXContainerItemProxy */;
		};
		5BE74C5424A97E4F003D1352 /* PBXTargetDependency */ = {
			isa = PBXTargetDependency;
			target = 5BE74C3024A97E4D003D1352 /* ios-element-tutorials */;
			targetProxy = 5BE74C5324A97E4F003D1352 /* PBXContainerItemProxy */;
		};
/* End PBXTargetDependency section */

/* Begin PBXVariantGroup section */
		5BE74C3A24A97E4D003D1352 /* Main.storyboard */ = {
			isa = PBXVariantGroup;
			children = (
				5BE74C3B24A97E4D003D1352 /* Base */,
			);
			name = Main.storyboard;
			sourceTree = "<group>";
		};
		5BE74C3F24A97E4E003D1352 /* LaunchScreen.storyboard */ = {
			isa = PBXVariantGroup;
			children = (
				5BE74C4024A97E4E003D1352 /* Base */,
			);
			name = LaunchScreen.storyboard;
			sourceTree = "<group>";
		};
/* End PBXVariantGroup section */

/* Begin XCBuildConfiguration section */
		5BE74C5924A97E4F003D1352 /* Debug */ = {
			isa = XCBuildConfiguration;
			buildSettings = {
				ALWAYS_SEARCH_USER_PATHS = NO;
				CLANG_ANALYZER_NONNULL = YES;
				CLANG_ANALYZER_NUMBER_OBJECT_CONVERSION = YES_AGGRESSIVE;
				CLANG_CXX_LANGUAGE_STANDARD = "gnu++14";
				CLANG_CXX_LIBRARY = "libc++";
				CLANG_ENABLE_MODULES = YES;
				CLANG_ENABLE_OBJC_ARC = YES;
				CLANG_ENABLE_OBJC_WEAK = YES;
				CLANG_WARN_BLOCK_CAPTURE_AUTORELEASING = YES;
				CLANG_WARN_BOOL_CONVERSION = YES;
				CLANG_WARN_COMMA = YES;
				CLANG_WARN_CONSTANT_CONVERSION = YES;
				CLANG_WARN_DEPRECATED_OBJC_IMPLEMENTATIONS = YES;
				CLANG_WARN_DIRECT_OBJC_ISA_USAGE = YES_ERROR;
				CLANG_WARN_DOCUMENTATION_COMMENTS = YES;
				CLANG_WARN_EMPTY_BODY = YES;
				CLANG_WARN_ENUM_CONVERSION = YES;
				CLANG_WARN_INFINITE_RECURSION = YES;
				CLANG_WARN_INT_CONVERSION = YES;
				CLANG_WARN_NON_LITERAL_NULL_CONVERSION = YES;
				CLANG_WARN_OBJC_IMPLICIT_RETAIN_SELF = YES;
				CLANG_WARN_OBJC_LITERAL_CONVERSION = YES;
				CLANG_WARN_OBJC_ROOT_CLASS = YES_ERROR;
				CLANG_WARN_RANGE_LOOP_ANALYSIS = YES;
				CLANG_WARN_STRICT_PROTOTYPES = YES;
				CLANG_WARN_SUSPICIOUS_MOVE = YES;
				CLANG_WARN_UNGUARDED_AVAILABILITY = YES_AGGRESSIVE;
				CLANG_WARN_UNREACHABLE_CODE = YES;
				CLANG_WARN__DUPLICATE_METHOD_MATCH = YES;
				COPY_PHASE_STRIP = NO;
				DEBUG_INFORMATION_FORMAT = dwarf;
				ENABLE_STRICT_OBJC_MSGSEND = YES;
				ENABLE_TESTABILITY = YES;
				GCC_C_LANGUAGE_STANDARD = gnu11;
				GCC_DYNAMIC_NO_PIC = NO;
				GCC_NO_COMMON_BLOCKS = YES;
				GCC_OPTIMIZATION_LEVEL = 0;
				GCC_PREPROCESSOR_DEFINITIONS = (
					"DEBUG=1",
					"$(inherited)",
				);
				GCC_WARN_64_TO_32_BIT_CONVERSION = YES;
				GCC_WARN_ABOUT_RETURN_TYPE = YES_ERROR;
				GCC_WARN_UNDECLARED_SELECTOR = YES;
				GCC_WARN_UNINITIALIZED_AUTOS = YES_AGGRESSIVE;
				GCC_WARN_UNUSED_FUNCTION = YES;
				GCC_WARN_UNUSED_VARIABLE = YES;
				IPHONEOS_DEPLOYMENT_TARGET = 13.5;
				MTL_ENABLE_DEBUG_INFO = INCLUDE_SOURCE;
				MTL_FAST_MATH = YES;
				ONLY_ACTIVE_ARCH = YES;
				SDKROOT = iphoneos;
				SWIFT_ACTIVE_COMPILATION_CONDITIONS = DEBUG;
				SWIFT_OPTIMIZATION_LEVEL = "-Onone";
			};
			name = Debug;
		};
		5BE74C5A24A97E4F003D1352 /* Release */ = {
			isa = XCBuildConfiguration;
			buildSettings = {
				ALWAYS_SEARCH_USER_PATHS = NO;
				CLANG_ANALYZER_NONNULL = YES;
				CLANG_ANALYZER_NUMBER_OBJECT_CONVERSION = YES_AGGRESSIVE;
				CLANG_CXX_LANGUAGE_STANDARD = "gnu++14";
				CLANG_CXX_LIBRARY = "libc++";
				CLANG_ENABLE_MODULES = YES;
				CLANG_ENABLE_OBJC_ARC = YES;
				CLANG_ENABLE_OBJC_WEAK = YES;
				CLANG_WARN_BLOCK_CAPTURE_AUTORELEASING = YES;
				CLANG_WARN_BOOL_CONVERSION = YES;
				CLANG_WARN_COMMA = YES;
				CLANG_WARN_CONSTANT_CONVERSION = YES;
				CLANG_WARN_DEPRECATED_OBJC_IMPLEMENTATIONS = YES;
				CLANG_WARN_DIRECT_OBJC_ISA_USAGE = YES_ERROR;
				CLANG_WARN_DOCUMENTATION_COMMENTS = YES;
				CLANG_WARN_EMPTY_BODY = YES;
				CLANG_WARN_ENUM_CONVERSION = YES;
				CLANG_WARN_INFINITE_RECURSION = YES;
				CLANG_WARN_INT_CONVERSION = YES;
				CLANG_WARN_NON_LITERAL_NULL_CONVERSION = YES;
				CLANG_WARN_OBJC_IMPLICIT_RETAIN_SELF = YES;
				CLANG_WARN_OBJC_LITERAL_CONVERSION = YES;
				CLANG_WARN_OBJC_ROOT_CLASS = YES_ERROR;
				CLANG_WARN_RANGE_LOOP_ANALYSIS = YES;
				CLANG_WARN_STRICT_PROTOTYPES = YES;
				CLANG_WARN_SUSPICIOUS_MOVE = YES;
				CLANG_WARN_UNGUARDED_AVAILABILITY = YES_AGGRESSIVE;
				CLANG_WARN_UNREACHABLE_CODE = YES;
				CLANG_WARN__DUPLICATE_METHOD_MATCH = YES;
				COPY_PHASE_STRIP = NO;
				DEBUG_INFORMATION_FORMAT = "dwarf-with-dsym";
				ENABLE_NS_ASSERTIONS = NO;
				ENABLE_STRICT_OBJC_MSGSEND = YES;
				GCC_C_LANGUAGE_STANDARD = gnu11;
				GCC_NO_COMMON_BLOCKS = YES;
				GCC_WARN_64_TO_32_BIT_CONVERSION = YES;
				GCC_WARN_ABOUT_RETURN_TYPE = YES_ERROR;
				GCC_WARN_UNDECLARED_SELECTOR = YES;
				GCC_WARN_UNINITIALIZED_AUTOS = YES_AGGRESSIVE;
				GCC_WARN_UNUSED_FUNCTION = YES;
				GCC_WARN_UNUSED_VARIABLE = YES;
				IPHONEOS_DEPLOYMENT_TARGET = 13.5;
				MTL_ENABLE_DEBUG_INFO = NO;
				MTL_FAST_MATH = YES;
				SDKROOT = iphoneos;
				SWIFT_COMPILATION_MODE = wholemodule;
				SWIFT_OPTIMIZATION_LEVEL = "-O";
				VALIDATE_PRODUCT = YES;
			};
			name = Release;
		};
		5BE74C5C24A97E4F003D1352 /* Debug */ = {
			isa = XCBuildConfiguration;
			buildSettings = {
				ASSETCATALOG_COMPILER_APPICON_NAME = AppIcon;
				CODE_SIGN_STYLE = Automatic;
				INFOPLIST_FILE = "ios-element-tutorials/Info.plist";
				LD_RUNPATH_SEARCH_PATHS = (
					"$(inherited)",
					"@executable_path/Frameworks",
				);
				PRODUCT_BUNDLE_IDENTIFIER = "com.regexinc.ios-element-tutorials";
				PRODUCT_NAME = "$(TARGET_NAME)";
				SWIFT_VERSION = 5.0;
				TARGETED_DEVICE_FAMILY = "1,2";
			};
			name = Debug;
		};
		5BE74C5D24A97E4F003D1352 /* Release */ = {
			isa = XCBuildConfiguration;
			buildSettings = {
				ASSETCATALOG_COMPILER_APPICON_NAME = AppIcon;
				CODE_SIGN_STYLE = Automatic;
				INFOPLIST_FILE = "ios-element-tutorials/Info.plist";
				LD_RUNPATH_SEARCH_PATHS = (
					"$(inherited)",
					"@executable_path/Frameworks",
				);
				PRODUCT_BUNDLE_IDENTIFIER = "com.regexinc.ios-element-tutorials";
				PRODUCT_NAME = "$(TARGET_NAME)";
				SWIFT_VERSION = 5.0;
				TARGETED_DEVICE_FAMILY = "1,2";
			};
			name = Release;
		};
		5BE74C5F24A97E4F003D1352 /* Debug */ = {
			isa = XCBuildConfiguration;
			buildSettings = {
				ALWAYS_EMBED_SWIFT_STANDARD_LIBRARIES = YES;
				BUNDLE_LOADER = "$(TEST_HOST)";
				CODE_SIGN_STYLE = Automatic;
				INFOPLIST_FILE = "ios-element-tutorialsTests/Info.plist";
				IPHONEOS_DEPLOYMENT_TARGET = 13.5;
				LD_RUNPATH_SEARCH_PATHS = (
					"$(inherited)",
					"@executable_path/Frameworks",
					"@loader_path/Frameworks",
				);
				PRODUCT_BUNDLE_IDENTIFIER = "com.regexinc.ios-element-tutorialsTests";
				PRODUCT_NAME = "$(TARGET_NAME)";
				SWIFT_VERSION = 5.0;
				TARGETED_DEVICE_FAMILY = "1,2";
				TEST_HOST = "$(BUILT_PRODUCTS_DIR)/ios-element-tutorials.app/ios-element-tutorials";
			};
			name = Debug;
		};
		5BE74C6024A97E4F003D1352 /* Release */ = {
			isa = XCBuildConfiguration;
			buildSettings = {
				ALWAYS_EMBED_SWIFT_STANDARD_LIBRARIES = YES;
				BUNDLE_LOADER = "$(TEST_HOST)";
				CODE_SIGN_STYLE = Automatic;
				INFOPLIST_FILE = "ios-element-tutorialsTests/Info.plist";
				IPHONEOS_DEPLOYMENT_TARGET = 13.5;
				LD_RUNPATH_SEARCH_PATHS = (
					"$(inherited)",
					"@executable_path/Frameworks",
					"@loader_path/Frameworks",
				);
				PRODUCT_BUNDLE_IDENTIFIER = "com.regexinc.ios-element-tutorialsTests";
				PRODUCT_NAME = "$(TARGET_NAME)";
				SWIFT_VERSION = 5.0;
				TARGETED_DEVICE_FAMILY = "1,2";
				TEST_HOST = "$(BUILT_PRODUCTS_DIR)/ios-element-tutorials.app/ios-element-tutorials";
			};
			name = Release;
		};
		5BE74C6224A97E4F003D1352 /* Debug */ = {
			isa = XCBuildConfiguration;
			buildSettings = {
				ALWAYS_EMBED_SWIFT_STANDARD_LIBRARIES = YES;
				CODE_SIGN_STYLE = Automatic;
				INFOPLIST_FILE = "ios-element-tutorialsUITests/Info.plist";
				LD_RUNPATH_SEARCH_PATHS = (
					"$(inherited)",
					"@executable_path/Frameworks",
					"@loader_path/Frameworks",
				);
				PRODUCT_BUNDLE_IDENTIFIER = "com.regexinc.ios-element-tutorialsUITests";
				PRODUCT_NAME = "$(TARGET_NAME)";
				SWIFT_VERSION = 5.0;
				TARGETED_DEVICE_FAMILY = "1,2";
				TEST_TARGET_NAME = "ios-element-tutorials";
			};
			name = Debug;
		};
		5BE74C6324A97E4F003D1352 /* Release */ = {
			isa = XCBuildConfiguration;
			buildSettings = {
				ALWAYS_EMBED_SWIFT_STANDARD_LIBRARIES = YES;
				CODE_SIGN_STYLE = Automatic;
				INFOPLIST_FILE = "ios-element-tutorialsUITests/Info.plist";
				LD_RUNPATH_SEARCH_PATHS = (
					"$(inherited)",
					"@executable_path/Frameworks",
					"@loader_path/Frameworks",
				);
				PRODUCT_BUNDLE_IDENTIFIER = "com.regexinc.ios-element-tutorialsUITests";
				PRODUCT_NAME = "$(TARGET_NAME)";
				SWIFT_VERSION = 5.0;
				TARGETED_DEVICE_FAMILY = "1,2";
				TEST_TARGET_NAME = "ios-element-tutorials";
			};
			name = Release;
		};
/* End XCBuildConfiguration section */

/* Begin XCConfigurationList section */
		5BE74C2C24A97E4D003D1352 /* Build configuration list for PBXProject "ios-element-tutorials" */ = {
			isa = XCConfigurationList;
			buildConfigurations = (
				5BE74C5924A97E4F003D1352 /* Debug */,
				5BE74C5A24A97E4F003D1352 /* Release */,
			);
			defaultConfigurationIsVisible = 0;
			defaultConfigurationName = Release;
		};
		5BE74C5B24A97E4F003D1352 /* Build configuration list for PBXNativeTarget "ios-element-tutorials" */ = {
			isa = XCConfigurationList;
			buildConfigurations = (
				5BE74C5C24A97E4F003D1352 /* Debug */,
				5BE74C5D24A97E4F003D1352 /* Release */,
			);
			defaultConfigurationIsVisible = 0;
			defaultConfigurationName = Release;
		};
		5BE74C5E24A97E4F003D1352 /* Build configuration list for PBXNativeTarget "ios-element-tutorialsTests" */ = {
			isa = XCConfigurationList;
			buildConfigurations = (
				5BE74C5F24A97E4F003D1352 /* Debug */,
				5BE74C6024A97E4F003D1352 /* Release */,
			);
			defaultConfigurationIsVisible = 0;
			defaultConfigurationName = Release;
		};
		5BE74C6124A97E4F003D1352 /* Build configuration list for PBXNativeTarget "ios-element-tutorialsUITests" */ = {
			isa = XCConfigurationList;
			buildConfigurations = (
				5BE74C6224A97E4F003D1352 /* Debug */,
				5BE74C6324A97E4F003D1352 /* Release */,
			);
			defaultConfigurationIsVisible = 0;
			defaultConfigurationName = Release;
		};
/* End XCConfigurationList section */
	};
	rootObject = 5BE74C2924A97E4D003D1352 /* Project object */;
}
